
Microsoft Visual Studio Solution File, Format Version 12.00
# Visual Studio 15
VisualStudioVersion = 15.0.28010.2036
MinimumVisualStudioVersion = 10.0.40219.1
Project("{FAE04EC0-301F-11D3-BF4B-00C04F79EFBC}") = "Homan.DataAccess", "Homan.DataAccess\Homan.DataAccess.csproj", "{8DFBB728-7072-4EC5-BAEC-B8E470777C53}"
EndProject
Project("{FAE04EC0-301F-11D3-BF4B-00C04F79EFBC}") = "Homan.BLL", "..\Homan.BLL\Homan.BLL.csproj", "{F37C9207-4294-4608-AB9C-A89F0CA9C28B}"
EndProject
Project("{FAE04EC0-301F-11D3-BF4B-00C04F79EFBC}") = "Homan.Web", "..\Homan.Web\Homan.Web.csproj", "{4212F84E-F3CD-4F09-AB19-4EAE85E02179}"
EndProject
Global
	GlobalSection(SolutionConfigurationPlatforms) = preSolution
		Debug|Any CPU = Debug|Any CPU
		Release|Any CPU = Release|Any CPU
	EndGlobalSection
	GlobalSection(ProjectConfigurationPlatforms) = postSolution
		{8DFBB728-7072-4EC5-BAEC-B8E470777C53}.Debug|Any CPU.ActiveCfg = Debug|Any CPU
		{8DFBB728-7072-4EC5-BAEC-B8E470777C53}.Debug|Any CPU.Build.0 = Debug|Any CPU
		{8DFBB728-7072-4EC5-BAEC-B8E470777C53}.Release|Any CPU.ActiveCfg = Release|Any CPU
		{8DFBB728-7072-4EC5-BAEC-B8E470777C53}.Release|Any CPU.Build.0 = Release|Any CPU
		{F37C9207-4294-4608-AB9C-A89F0CA9C28B}.Debug|Any CPU.ActiveCfg = Debug|Any CPU
		{F37C9207-4294-4608-AB9C-A89F0CA9C28B}.Debug|Any CPU.Build.0 = Debug|Any CPU
		{F37C9207-4294-4608-AB9C-A89F0CA9C28B}.Release|Any CPU.ActiveCfg = Release|Any CPU
		{F37C9207-4294-4608-AB9C-A89F0CA9C28B}.Release|Any CPU.Build.0 = Release|Any CPU
		{4212F84E-F3CD-4F09-AB19-4EAE85E02179}.Debug|Any CPU.ActiveCfg = Debug|Any CPU
		{4212F84E-F3CD-4F09-AB19-4EAE85E02179}.Debug|Any CPU.Build.0 = Debug|Any CPU
		{4212F84E-F3CD-4F09-AB19-4EAE85E02179}.Release|Any CPU.ActiveCfg = Release|Any CPU
		{4212F84E-F3CD-4F09-AB19-4EAE85E02179}.Release|Any CPU.Build.0 = Release|Any CPU
	EndGlobalSection
	GlobalSection(SolutionProperties) = preSolution
		HideSolutionNode = FALSE
	EndGlobalSection
	GlobalSection(ExtensibilityGlobals) = postSolution
		SolutionGuid = {542C354C-67D2-45DA-AA25-EEC78B0283BA}
	EndGlobalSection
EndGlobal
